// !$*UTF8*$!
{
	archiveVersion = 1;
	classes = {
	};
	objectVersion = 48;
	objects = {

/* Begin PBXBuildFile section */
		4AA1F8FB2017006C00869041 /* AppDelegate.swift in Sources */ = {isa = PBXBuildFile; fileRef = 4AA1F8FA2017006C00869041 /* AppDelegate.swift */; };
		4AA1F8FD2017006C00869041 /* ViewController.swift in Sources */ = {isa = PBXBuildFile; fileRef = 4AA1F8FC2017006C00869041 /* ViewController.swift */; };
		4AA1F9002017006C00869041 /* Main.storyboard in Resources */ = {isa = PBXBuildFile; fileRef = 4AA1F8FE2017006C00869041 /* Main.storyboard */; };
		4AA1F9022017006C00869041 /* Assets.xcassets in Resources */ = {isa = PBXBuildFile; fileRef = 4AA1F9012017006C00869041 /* Assets.xcassets */; };
		4AA1F9052017006C00869041 /* LaunchScreen.storyboard in Resources */ = {isa = PBXBuildFile; fileRef = 4AA1F9032017006C00869041 /* LaunchScreen.storyboard */; };
		4AA1F90E2017508E00869041 /* Photos.framework in Frameworks */ = {isa = PBXBuildFile; fileRef = 4AA1F90D2017508200869041 /* Photos.framework */; };
		4AA1F91420186CD000869041 /* CameraRollCollectionViewCell.swift in Sources */ = {isa = PBXBuildFile; fileRef = 4AA1F91320186CD000869041 /* CameraRollCollectionViewCell.swift */; };
		4AAF50DD2179B6BB0057A7D6 /* DetailPhotoViewController.swift in Sources */ = {isa = PBXBuildFile; fileRef = 4AAF50DC2179B6BB0057A7D6 /* DetailPhotoViewController.swift */; };
/* End PBXBuildFile section */

/* Begin PBXFileReference section */
		4AA1F8F72017006C00869041 /* PhotoBiberation201802.app */ = {isa = PBXFileReference; explicitFileType = wrapper.application; includeInIndex = 0; path = PhotoBiberation201802.app; sourceTree = BUILT_PRODUCTS_DIR; };
		4AA1F8FA2017006C00869041 /* AppDelegate.swift */ = {isa = PBXFileReference; lastKnownFileType = sourcecode.swift; path = AppDelegate.swift; sourceTree = "<group>"; };
		4AA1F8FC2017006C00869041 /* ViewController.swift */ = {isa = PBXFileReference; lastKnownFileType = sourcecode.swift; path = ViewController.swift; sourceTree = "<group>"; };
		4AA1F8FF2017006C00869041 /* Base */ = {isa = PBXFileReference; lastKnownFileType = file.storyboard; name = Base; path = Base.lproj/Main.storyboard; sourceTree = "<group>"; };
		4AA1F9012017006C00869041 /* Assets.xcassets */ = {isa = PBXFileReference; lastKnownFileType = folder.assetcatalog; path = Assets.xcassets; sourceTree = "<group>"; };
		4AA1F9042017006C00869041 /* Base */ = {isa = PBXFileReference; lastKnownFileType = file.storyboard; name = Base; path = Base.lproj/LaunchScreen.storyboard; sourceTree = "<group>"; };
		4AA1F9062017006C00869041 /* Info.plist */ = {isa = PBXFileReference; lastKnownFileType = text.plist.xml; path = Info.plist; sourceTree = "<group>"; };
		4AA1F90D2017508200869041 /* Photos.framework */ = {isa = PBXFileReference; lastKnownFileType = wrapper.framework; name = Photos.framework; path = System/Library/Frameworks/Photos.framework; sourceTree = SDKROOT; };
		4AA1F91320186CD000869041 /* CameraRollCollectionViewCell.swift */ = {isa = PBXFileReference; lastKnownFileType = sourcecode.swift; path = CameraRollCollectionViewCell.swift; sourceTree = "<group>"; };
		4AAF50DC2179B6BB0057A7D6 /* DetailPhotoViewController.swift */ = {isa = PBXFileReference; lastKnownFileType = sourcecode.swift; path = DetailPhotoViewController.swift; sourceTree = "<group>"; };
/* End PBXFileReference section */

/* Begin PBXFrameworksBuildPhase section */
		4AA1F8F42017006C00869041 /* Frameworks */ = {
			isa = PBXFrameworksBuildPhase;
			buildActionMask = 2147483647;
			files = (
				4AA1F90E2017508E00869041 /* Photos.framework in Frameworks */,
			);
			runOnlyForDeploymentPostprocessing = 0;
		};
/* End PBXFrameworksBuildPhase section */

/* Begin PBXGroup section */
		4AA1F8EE2017006C00869041 = {
			isa = PBXGroup;
			children = (
				4AA1F8F92017006C00869041 /* PhotoBiberation201802 */,
				4AA1F8F82017006C00869041 /* Products */,
				4AA1F90C2017508200869041 /* Frameworks */,
			);
			sourceTree = "<group>";
		};
		4AA1F8F82017006C00869041 /* Products */ = {
			isa = PBXGroup;
			children = (
				4AA1F8F72017006C00869041 /* PhotoBiberation201802.app */,
			);
			name = Products;
			sourceTree = "<group>";
		};
		4AA1F8F92017006C00869041 /* PhotoBiberation201802 */ = {
			isa = PBXGroup;
			children = (
				4AA1F8FA2017006C00869041 /* AppDelegate.swift */,
				4AA1F8FC2017006C00869041 /* ViewController.swift */,
				4AAF50DC2179B6BB0057A7D6 /* DetailPhotoViewController.swift */,
				4AA1F91320186CD000869041 /* CameraRollCollectionViewCell.swift */,
				4AA1F8FE2017006C00869041 /* Main.storyboard */,
				4AA1F9012017006C00869041 /* Assets.xcassets */,
				4AA1F9032017006C00869041 /* LaunchScreen.storyboard */,
				4AA1F9062017006C00869041 /* Info.plist */,
			);
			path = PhotoBiberation201802;
			sourceTree = "<group>";
		};
		4AA1F90C2017508200869041 /* Frameworks */ = {
			isa = PBXGroup;
			children = (
				4AA1F90D2017508200869041 /* Photos.framework */,
			);
			name = Frameworks;
			sourceTree = "<group>";
		};
/* End PBXGroup section */

/* Begin PBXNativeTarget section */
		4AA1F8F62017006C00869041 /* PhotoBiberation201802 */ = {
			isa = PBXNativeTarget;
			buildConfigurationList = 4AA1F9092017006C00869041 /* Build configuration list for PBXNativeTarget "PhotoBiberation201802" */;
			buildPhases = (
				4AA1F8F32017006C00869041 /* Sources */,
				4AA1F8F42017006C00869041 /* Frameworks */,
				4AA1F8F52017006C00869041 /* Resources */,
			);
			buildRules = (
			);
			dependencies = (
			);
			name = PhotoBiberation201802;
			productName = PhotoBiberation201802;
			productReference = 4AA1F8F72017006C00869041 /* PhotoBiberation201802.app */;
			productType = "com.apple.product-type.application";
		};
/* End PBXNativeTarget section */

/* Begin PBXProject section */
		4AA1F8EF2017006C00869041 /* Project object */ = {
			isa = PBXProject;
			attributes = {
				LastSwiftUpdateCheck = 0910;
				LastUpgradeCheck = 0910;
				ORGANIZATIONNAME = oshitahayato;
				TargetAttributes = {
					4AA1F8F62017006C00869041 = {
						CreatedOnToolsVersion = 9.1;
						ProvisioningStyle = Automatic;
					};
				};
			};
			buildConfigurationList = 4AA1F8F22017006C00869041 /* Build configuration list for PBXProject "PhotoBiberation201802" */;
			compatibilityVersion = "Xcode 8.0";
			developmentRegion = en;
			hasScannedForEncodings = 0;
			knownRegions = (
				en,
				Base,
			);
			mainGroup = 4AA1F8EE2017006C00869041;
			productRefGroup = 4AA1F8F82017006C00869041 /* Products */;
			projectDirPath = "";
			projectRoot = "";
			targets = (
				4AA1F8F62017006C00869041 /* PhotoBiberation201802 */,
			);
		};
/* End PBXProject section */

/* Begin PBXResourcesBuildPhase section */
		4AA1F8F52017006C00869041 /* Resources */ = {
			isa = PBXResourcesBuildPhase;
			buildActionMask = 2147483647;
			files = (
				4AA1F9052017006C00869041 /* LaunchScreen.storyboard in Resources */,
				4AA1F9022017006C00869041 /* Assets.xcassets in Resources */,
				4AA1F9002017006C00869041 /* Main.storyboard in Resources */,
			);
			runOnlyForDeploymentPostprocessing = 0;
		};
/* End PBXResourcesBuildPhase section */

/* Begin PBXSourcesBuildPhase section */
		4AA1F8F32017006C00869041 /* Sources */ = {
			isa = PBXSourcesBuildPhase;
			buildActionMask = 2147483647;
			files = (
				4AA1F91420186CD000869041 /* CameraRollCollectionViewCell.swift in Sources */,
				4AA1F8FD2017006C00869041 /* ViewController.swift in Sources */,
				4AAF50DD2179B6BB0057A7D6 /* DetailPhotoViewController.swift in Sources */,
				4AA1F8FB2017006C00869041 /* AppDelegate.swift in Sources */,
			);
			runOnlyForDeploymentPostprocessing = 0;
		};
/* End PBXSourcesBuildPhase section */

/* Begin PBXVariantGroup section */
		4AA1F8FE2017006C00869041 /* Main.storyboard */ = {
			isa = PBXVariantGroup;
			children = (
				4AA1F8FF2017006C00869041 /* Base */,
			);
			name = Main.storyboard;
			sourceTree = "<group>";
		};
		4AA1F9032017006C00869041 /* LaunchScreen.storyboard */ = {
			isa = PBXVariantGroup;
			children = (
				4AA1F9042017006C00869041 /* Base */,
			);
			name = LaunchScreen.storyboard;
			sourceTree = "<group>";
		};
/* End PBXVariantGroup section */

/* Begin XCBuildConfiguration section */
		4AA1F9072017006C00869041 /* Debug */ = {
			isa = XCBuildConfiguration;
			buildSettings = {
				ALWAYS_SEARCH_USER_PATHS = NO;
				CLANG_ANALYZER_NONNULL = YES;
				CLANG_ANALYZER_NUMBER_OBJECT_CONVERSION = YES_AGGRESSIVE;
				CLANG_CXX_LANGUAGE_STANDARD = "gnu++14";
				CLANG_CXX_LIBRARY = "libc++";
				CLANG_ENABLE_MODULES = YES;
				CLANG_ENABLE_OBJC_ARC = YES;
				CLANG_WARN_BLOCK_CAPTURE_AUTORELEASING = YES;
				CLANG_WARN_BOOL_CONVERSION = YES;
				CLANG_WARN_COMMA = YES;
				CLANG_WARN_CONSTANT_CONVERSION = YES;
				CLANG_WARN_DIRECT_OBJC_ISA_USAGE = YES_ERROR;
				CLANG_WARN_DOCUMENTATION_COMMENTS = YES;
				CLANG_WARN_EMPTY_BODY = YES;
				CLANG_WARN_ENUM_CONVERSION = YES;
				CLANG_WARN_INFINITE_RECURSION = YES;
				CLANG_WARN_INT_CONVERSION = YES;
				CLANG_WARN_NON_LITERAL_NULL_CONVERSION = YES;
				CLANG_WARN_OBJC_LITERAL_CONVERSION = YES;
				CLANG_WARN_OBJC_ROOT_CLASS = YES_ERROR;
				CLANG_WARN_RANGE_LOOP_ANALYSIS = YES;
				CLANG_WARN_STRICT_PROTOTYPES = YES;
				CLANG_WARN_SUSPICIOUS_MOVE = YES;
				CLANG_WARN_UNGUARDED_AVAILABILITY = YES_AGGRESSIVE;
				CLANG_WARN_UNREACHABLE_CODE = YES;
				CLANG_WARN__DUPLICATE_METHOD_MATCH = YES;
				CODE_SIGN_IDENTITY = "iPhone Developer";
				COPY_PHASE_STRIP = NO;
				DEBUG_INFORMATION_FORMAT = dwarf;
				ENABLE_STRICT_OBJC_MSGSEND = YES;
				ENABLE_TESTABILITY = YES;
				GCC_C_LANGUAGE_STANDARD = gnu11;
				GCC_DYNAMIC_NO_PIC = NO;
				GCC_NO_COMMON_BLOCKS = YES;
				GCC_OPTIMIZATION_LEVEL = 0;
				GCC_PREPROCESSOR_DEFINITIONS = (
					"DEBUG=1",
					"$(inherited)",
				);
				GCC_WARN_64_TO_32_BIT_CONVERSION = YES;
				GCC_WARN_ABOUT_RETURN_TYPE = YES_ERROR;
				GCC_WARN_UNDECLARED_SELECTOR = YES;
				GCC_WARN_UNINITIALIZED_AUTOS = YES_AGGRESSIVE;
				GCC_WARN_UNUSED_FUNCTION = YES;
				GCC_WARN_UNUSED_VARIABLE = YES;
				IPHONEOS_DEPLOYMENT_TARGET = 11.1;
				MTL_ENABLE_DEBUG_INFO = YES;
				ONLY_ACTIVE_ARCH = YES;
				SDKROOT = iphoneos;
				SWIFT_ACTIVE_COMPILATION_CONDITIONS = DEBUG;
				SWIFT_OPTIMIZATION_LEVEL = "-Onone";
			};
			name = Debug;
		};
		4AA1F9082017006C00869041 /* Release */ = {
			isa = XCBuildConfiguration;
			buildSettings = {
				ALWAYS_SEARCH_USER_PATHS = NO;
				CLANG_ANALYZER_NONNULL = YES;
				CLANG_ANALYZER_NUMBER_OBJECT_CONVERSION = YES_AGGRESSIVE;
				CLANG_CXX_LANGUAGE_STANDARD = "gnu++14";
				CLANG_CXX_LIBRARY = "libc++";
				CLANG_ENABLE_MODULES = YES;
				CLANG_ENABLE_OBJC_ARC = YES;
				CLANG_WARN_BLOCK_CAPTURE_AUTORELEASING = YES;
				CLANG_WARN_BOOL_CONVERSION = YES;
				CLANG_WARN_COMMA = YES;
				CLANG_WARN_CONSTANT_CONVERSION = YES;
				CLANG_WARN_DIRECT_OBJC_ISA_USAGE = YES_ERROR;
				CLANG_WARN_DOCUMENTATION_COMMENTS = YES;
				CLANG_WARN_EMPTY_BODY = YES;
				CLANG_WARN_ENUM_CONVERSION = YES;
				CLANG_WARN_INFINITE_RECURSION = YES;
				CLANG_WARN_INT_CONVERSION = YES;
				CLANG_WARN_NON_LITERAL_NULL_CONVERSION = YES;
				CLANG_WARN_OBJC_LITERAL_CONVERSION = YES;
				CLANG_WARN_OBJC_ROOT_CLASS = YES_ERROR;
				CLANG_WARN_RANGE_LOOP_ANALYSIS = YES;
				CLANG_WARN_STRICT_PROTOTYPES = YES;
				CLANG_WARN_SUSPICIOUS_MOVE = YES;
				CLANG_WARN_UNGUARDED_AVAILABILITY = YES_AGGRESSIVE;
				CLANG_WARN_UNREACHABLE_CODE = YES;
				CLANG_WARN__DUPLICATE_METHOD_MATCH = YES;
				CODE_SIGN_IDENTITY = "iPhone Developer";
				COPY_PHASE_STRIP = NO;
				DEBUG_INFORMATION_FORMAT = "dwarf-with-dsym";
				ENABLE_NS_ASSERTIONS = NO;
				ENABLE_STRICT_OBJC_MSGSEND = YES;
				GCC_C_LANGUAGE_STANDARD = gnu11;
				GCC_NO_COMMON_BLOCKS = YES;
				GCC_WARN_64_TO_32_BIT_CONVERSION = YES;
				GCC_WARN_ABOUT_RETURN_TYPE = YES_ERROR;
				GCC_WARN_UNDECLARED_SELECTOR = YES;
				GCC_WARN_UNINITIALIZED_AUTOS = YES_AGGRESSIVE;
				GCC_WARN_UNUSED_FUNCTION = YES;
				GCC_WARN_UNUSED_VARIABLE = YES;
				IPHONEOS_DEPLOYMENT_TARGET = 11.1;
				MTL_ENABLE_DEBUG_INFO = NO;
				SDKROOT = iphoneos;
				SWIFT_OPTIMIZATION_LEVEL = "-Owholemodule";
				VALIDATE_PRODUCT = YES;
			};
			name = Release;
		};
		4AA1F90A2017006C00869041 /* Debug */ = {
			isa = XCBuildConfiguration;
			buildSettings = {
				ASSETCATALOG_COMPILER_APPICON_NAME = AppIcon;
				CODE_SIGN_STYLE = Automatic;
				DEVELOPMENT_TEAM = 6Y3S6RLA4Y;
				INFOPLIST_FILE = PhotoBiberation201802/Info.plist;
				LD_RUNPATH_SEARCH_PATHS = "$(inherited) @executable_path/Frameworks";
				PRODUCT_BUNDLE_IDENTIFIER = oh.PhotoBiberation201802;
				PRODUCT_NAME = "$(TARGET_NAME)";
				SWIFT_VERSION = 4.0;
				TARGETED_DEVICE_FAMILY = "1,2";
			};
			name = Debug;
		};
		4AA1F90B2017006C00869041 /* Release */ = {
			isa = XCBuildConfiguration;
			buildSettings = {
				ASSETCATALOG_COMPILER_APPICON_NAME = AppIcon;
				CODE_SIGN_STYLE = Automatic;
				DEVELOPMENT_TEAM = 6Y3S6RLA4Y;
				INFOPLIST_FILE = PhotoBiberation201802/Info.plist;
				LD_RUNPATH_SEARCH_PATHS = "$(inherited) @executable_path/Frameworks";
				PRODUCT_BUNDLE_IDENTIFIER = oh.PhotoBiberation201802;
				PRODUCT_NAME = "$(TARGET_NAME)";
				SWIFT_VERSION = 4.0;
				TARGETED_DEVICE_FAMILY = "1,2";
			};
			name = Release;
		};
/* End XCBuildConfiguration section */

/* Begin XCConfigurationList section */
		4AA1F8F22017006C00869041 /* Build configuration list for PBXProject "PhotoBiberation201802" */ = {
			isa = XCConfigurationList;
			buildConfigurations = (
				4AA1F9072017006C00869041 /* Debug */,
				4AA1F9082017006C00869041 /* Release */,
			);
			defaultConfigurationIsVisible = 0;
			defaultConfigurationName = Release;
		};
		4AA1F9092017006C00869041 /* Build configuration list for PBXNativeTarget "PhotoBiberation201802" */ = {
			isa = XCConfigurationList;
			buildConfigurations = (
				4AA1F90A2017006C00869041 /* Debug */,
				4AA1F90B2017006C00869041 /* Release */,
			);
			defaultConfigurationIsVisible = 0;
			defaultConfigurationName = Release;
		};
/* End XCConfigurationList section */
	};
	rootObject = 4AA1F8EF2017006C00869041 /* Project object */;
}
